
Microsoft Visual Studio Solution File, Format Version 12.00
# Visual Studio Version 16
VisualStudioVersion = 16.0.29209.62
MinimumVisualStudioVersion = 10.0.40219.1
Project("{FAE04EC0-301F-11D3-BF4B-00C04F79EFBC}") = "TruckShowShirts", "TruckShowShirts\TruckShowShirts.csproj", "{9BD6BDEF-8223-49FF-97EC-77FE483BC5EF}"
EndProject
Global
	GlobalSection(SolutionConfigurationPlatforms) = preSolution
		Debug|Any CPU = Debug|Any CPU
		Release|Any CPU = Release|Any CPU
	EndGlobalSection
	GlobalSection(ProjectConfigurationPlatforms) = postSolution
		{9BD6BDEF-8223-49FF-97EC-77FE483BC5EF}.Debug|Any CPU.ActiveCfg = Debug|Any CPU
		{9BD6BDEF-8223-49FF-97EC-77FE483BC5EF}.Debug|Any CPU.Build.0 = Debug|Any CPU
		{9BD6BDEF-8223-49FF-97EC-77FE483BC5EF}.Release|Any CPU.ActiveCfg = Release|Any CPU
		{9BD6BDEF-8223-49FF-97EC-77FE483BC5EF}.Release|Any CPU.Build.0 = Release|Any CPU
	EndGlobalSection
	GlobalSection(SolutionProperties) = preSolution
		HideSolutionNode = FALSE
	EndGlobalSection
	GlobalSection(ExtensibilityGlobals) = postSolution
		SolutionGuid = {62D35829-07A0-43BC-A05F-5D03E55FDA4E}
	EndGlobalSection
EndGlobal
